
Microsoft Visual Studio Solution File, Format Version 12.00
# Visual Studio Version 17
VisualStudioVersion = 17.6.33815.320
MinimumVisualStudioVersion = 10.0.40219.1
Project("{FAE04EC0-301F-11D3-BF4B-00C04F79EFBC}") = "KASIR", "KASIR.csproj", "{54A441CB-6B4D-491E-BB21-A41952146DDA}"
EndProject
Global
	GlobalSection(SolutionConfigurationPlatforms) = preSolution
		Debug|Any CPU = Debug|Any CPU
		Release|Any CPU = Release|Any CPU
	EndGlobalSection
	GlobalSection(ProjectConfigurationPlatforms) = postSolution
		{54A441CB-6B4D-491E-BB21-A41952146DDA}.Debug|Any CPU.ActiveCfg = Debug|Any CPU
		{54A441CB-6B4D-491E-BB21-A41952146DDA}.Debug|Any CPU.Build.0 = Debug|Any CPU
		{54A441CB-6B4D-491E-BB21-A41952146DDA}.Release|Any CPU.ActiveCfg = Release|Any CPU
		{54A441CB-6B4D-491E-BB21-A41952146DDA}.Release|Any CPU.Build.0 = Release|Any CPU
	EndGlobalSection
	GlobalSection(SolutionProperties) = preSolution
		HideSolutionNode = FALSE
	EndGlobalSection
	GlobalSection(ExtensibilityGlobals) = postSolution
		SolutionGuid = {66AD20C9-8059-4248-948B-4DC537D8C23A}
	EndGlobalSection
EndGlobal
